<?xml version="1.0" encoding="utf-8"?>
<Project ToolsVersion="4.0" xmlns="http://schemas.microsoft.com/developer/msbuild/2003">
  <ItemGroup>
    <Filter Include="Resource Files">
      <UniqueIdentifier>{D9D6E242-F8AF-46E4-B9FD-80ECBC20BA3E}</UniqueIdentifier>
      <Extensions>qrc;*</Extensions>
      <ParseFiles>false</ParseFiles>
    </Filter>
    <Filter Include="Billboard">
      <UniqueIdentifier>{3b459d4d-b958-43bc-a043-27ac9d84ffd2}</UniqueIdentifier>
    </Filter>
    <Filter Include="BackgroundSetting">
      <UniqueIdentifier>{d9f67a80-d007-413b-824c-22f95c5e15b3}</UniqueIdentifier>
    </Filter>
    <Filter Include="CameraManipulator">
      <UniqueIdentifier>{7049364a-d0b4-456c-ac26-991e7b37d631}</UniqueIdentifier>
    </Filter>
    <Filter Include="Pick">
      <UniqueIdentifier>{013aa9ad-e8db-480e-9e6f-0e7aad3f7439}</UniqueIdentifier>
    </Filter>
    <Filter Include="Coordinate">
      <UniqueIdentifier>{a21af407-4b6f-44c6-a0f1-d999e5db6dcf}</UniqueIdentifier>
    </Filter>
    <Filter Include="ScreenCapture">
      <UniqueIdentifier>{e1c29801-e9c1-4436-8e11-3e68345f401b}</UniqueIdentifier>
    </Filter>
    <Filter Include="RenderingThread">
      <UniqueIdentifier>{e108338d-7bef-4db6-87ba-dd8df6943fb1}</UniqueIdentifier>
    </Filter>
    <Filter Include="NodeControl">
      <UniqueIdentifier>{1c798af3-9c7e-40ee-a25a-edefac5be4e2}</UniqueIdentifier>
    </Filter>
    <Filter Include="CameraSetting">
      <UniqueIdentifier>{f8e12202-a34b-4e1a-a882-77dc6428148b}</UniqueIdentifier>
    </Filter>
    <Filter Include="Config">
      <UniqueIdentifier>{53e18b05-8f47-459c-873e-69ea879244f8}</UniqueIdentifier>
    </Filter>
    <Filter Include="Header Files">
      <UniqueIdentifier>{93995380-89BD-4b04-88EB-625FBE52EBFB}</UniqueIdentifier>
      <Extensions>h</Extensions>
      <ParseFiles>true</ParseFiles>
    </Filter>
    <Filter Include="MaterialSetting">
      <UniqueIdentifier>{83cd8cb9-d8e4-4b37-abdb-6c9b7ee8236f}</UniqueIdentifier>
    </Filter>
    <Filter Include="YZModelCore">
      <UniqueIdentifier>{1a1bc7ba-e2ff-46ad-b501-246659705e0a}</UniqueIdentifier>
    </Filter>
    <Filter Include="YZModelCoreModule">
      <UniqueIdentifier>{791bece2-af24-4e32-a6a3-823934da5de7}</UniqueIdentifier>
    </Filter>
    <Filter Include="ViewerDataModel">
      <UniqueIdentifier>{8216068a-5f37-4a44-a635-69b99b365dfa}</UniqueIdentifier>
    </Filter>
    <Filter Include="FixedFrameRate">
      <UniqueIdentifier>{26fd6b39-d622-40a2-9b74-c2f629151585}</UniqueIdentifier>
    </Filter>
    <Filter Include="Source Files">
      <UniqueIdentifier>{4FC737F1-C7A5-4376-A066-2A32D752A2FF}</UniqueIdentifier>
      <Extensions>cpp;cxx;c;def</Extensions>
      <ParseFiles>true</ParseFiles>
    </Filter>
    <Filter Include="ExportInterface">
      <UniqueIdentifier>{49afcf22-2897-4ae6-a16c-6d1807a23912}</UniqueIdentifier>
    </Filter>
    <Filter Include="CameraManipulator\CameraAnimation">
      <UniqueIdentifier>{3f59cf45-2a51-4132-8626-42c466786e00}</UniqueIdentifier>
    </Filter>
  </ItemGroup>
  <ItemGroup>
    <ClInclude Include="..\..\..\OSG\inc\YZModelCore\IntPtr.h">
      <Filter>Header Files</Filter>
    </ClInclude>
    <ClInclude Include="..\..\..\OSG\inc\YZModelCore\BackgroundSetting.h">
      <Filter>BackgroundSetting</Filter>
    </ClInclude>
    <ClInclude Include="..\..\..\OSG\inc\YZModelCore\BillboardFactory.h">
      <Filter>Billboard</Filter>
    </ClInclude>
    <ClInclude Include="..\..\..\OSG\inc\YZModelCore\CameraManipulators.h">
      <Filter>CameraManipulator</Filter>
    </ClInclude>
    <ClInclude Include="..\..\..\OSG\inc\YZModelCore\CoordinateHelper.h">
      <Filter>Coordinate</Filter>
    </ClInclude>
    <ClInclude Include="..\..\..\OSG\inc\YZModelCore\ModelListener.h">
      <Filter>Pick</Filter>
    </ClInclude>
    <ClInclude Include="..\..\..\OSG\inc\YZModelCore\MovingCamera.h">
      <Filter>CameraManipulator</Filter>
    </ClInclude>
    <ClInclude Include="..\..\..\OSG\inc\YZModelCore\SwitchView.h">
      <Filter>CameraManipulator</Filter>
    </ClInclude>
    <ClInclude Include="..\..\..\OSG\inc\YZModelCore\ZoomModel.h">
      <Filter>CameraManipulator</Filter>
    </ClInclude>
    <ClInclude Include="..\..\..\OSG\inc\YZModelCore\SkyBoxLoader.h">
      <Filter>BackgroundSetting</Filter>
    </ClInclude>
    <ClInclude Include="..\..\..\OSG\inc\YZModelCore\MaterialSetting.h">
      <Filter>MaterialSetting</Filter>
    </ClInclude>
    <ClInclude Include="..\..\..\OSG\inc\YZModelCore\NodeController.h">
      <Filter>NodeControl</Filter>
    </ClInclude>
    <ClInclude Include="..\..\..\OSG\inc\YZModelCore\RenderingThread.h">
      <Filter>RenderingThread</Filter>
    </ClInclude>
    <ClInclude Include="..\..\..\OSG\inc\YZModelCore\PersonManipulator.h">
      <Filter>CameraManipulator</Filter>
    </ClInclude>
    <ClInclude Include="..\..\..\OSG\inc\YZModelCore\ScreenCaptureHandler.h">
      <Filter>ScreenCapture</Filter>
    </ClInclude>
    <ClInclude Include="..\..\..\OSG\inc\YZModelCore\UserDataDefine.h">
      <Filter>NodeControl</Filter>
    </ClInclude>
    <ClInclude Include="..\..\..\OSG\inc\YZModelCore\Billboard.h">
      <Filter>Billboard</Filter>
    </ClInclude>
    <ClInclude Include="..\..\..\OSG\inc\YZModelCore\Pick.h">
      <Filter>Pick</Filter>
    </ClInclude>
    <ClInclude Include="..\..\..\OSG\inc\YZModelCore\ScreenCapture.h">
      <Filter>ScreenCapture</Filter>
    </ClInclude>
    <ClInclude Include="..\..\..\OSG\inc\YZModelCore\Coordinate.h">
      <Filter>Coordinate</Filter>
    </ClInclude>
    <ClInclude Include="..\..\..\OSG\inc\YZModelCore\RenderingThreads.h">
      <Filter>RenderingThread</Filter>
    </ClInclude>
    <ClInclude Include="..\..\..\OSG\inc\YZModelCore\YZModelCoreModule.h">
      <Filter>YZModelCoreModule</Filter>
    </ClInclude>
    <ClInclude Include="..\..\..\OSG\inc\YZModelCore\BIMCameraManipulator.h">
      <Filter>CameraManipulator</Filter>
    </ClInclude>
    <ClInclude Include="..\..\..\OSG\inc\YZModelCore\BIMFirstPersonManipulator.h">
      <Filter>CameraManipulator</Filter>
    </ClInclude>
    <ClInclude Include="..\..\..\OSG\inc\YZModelCore\CameraManipulatorPickBase.h">
      <Filter>CameraManipulator</Filter>
    </ClInclude>
    <ClInclude Include="..\..\..\OSG\inc\YZModelCore\ViewerDataModel.h">
      <Filter>ViewerDataModel</Filter>
    </ClInclude>
    <ClInclude Include="..\..\..\OSG\inc\YZModelCore\CameraSettings.h">
      <Filter>CameraSetting</Filter>
    </ClInclude>
    <ClInclude Include="..\..\..\OSG\inc\YZModelCore\FixedFramerateController.h">
      <Filter>FixedFrameRate</Filter>
    </ClInclude>
    <ClInclude Include="..\..\..\OSG\inc\YZModelCore\FixedFrameRate.h">
      <Filter>FixedFrameRate</Filter>
    </ClInclude>
    <ClInclude Include="..\..\..\OSG\inc\YZModelCore\CameraAnimation.h">
      <Filter>CameraManipulator\CameraAnimation</Filter>
    </ClInclude>
    <ClInclude Include="..\..\..\OSG\inc\YZModelCore\CameraAnimator.h">
      <Filter>CameraManipulator\CameraAnimation</Filter>
    </ClInclude>
    <ClInclude Include="..\..\..\OSG\inc\YZModelCore\YZModelCoreInternal.h">
      <Filter>YZModelCore</Filter>
    </ClInclude>
    <ClInclude Include="..\..\..\OSG\inc\YZModelCore\IViewerDataModel.h">
      <Filter>ViewerDataModel</Filter>
    </ClInclude>
    <ClInclude Include="..\..\..\OSG\inc\YZModelCore\InteractionDefine.h">
      <Filter>YZModelCore</Filter>
    </ClInclude>
    <ClInclude Include="..\..\..\OSG\inc\YZModelCore\ICoordinate.h">
      <Filter>Coordinate</Filter>
    </ClInclude>
    <ClInclude Include="..\..\..\OSG\inc\YZModelCore\ModelCoreFactory.h">
      <Filter>YZModelCore</Filter>
    </ClInclude>
    <ClInclude Include="..\..\..\OSG\inc\YZModelCore\IModelCoreInternal.h">
      <Filter>YZModelCore</Filter>
    </ClInclude>
    <ClInclude Include="..\..\..\OSG\inc\YZModelCore\NodeSearcher.h">
      <Filter>Header Files</Filter>
    </ClInclude>
    <ClInclude Include="stdafx.h">
      <Filter>Header Files</Filter>
    </ClInclude>
    <ClInclude Include="targetver.h">
      <Filter>Header Files</Filter>
    </ClInclude>
    <ClInclude Include="..\..\..\OSG\inc\common\IModelCoreFactory.h">
      <Filter>YZModelCore</Filter>
    </ClInclude>
    <ClInclude Include="..\..\..\OSG\inc\common\IModelCore.h">
      <Filter>YZModelCore</Filter>
    </ClInclude>
    <ClInclude Include="..\..\..\OSG\inc\common\YZModelPlugin.h">
      <Filter>YZModelCoreModule</Filter>
    </ClInclude>
    <ClInclude Include="..\..\..\OSG\inc\YZModelCore\SkyBox.h">
      <Filter>BackgroundSetting</Filter>
    </ClInclude>
    <ClInclude Include="..\..\..\OSG\inc\YZModelCore\CameraOperation.h">
      <Filter>CameraManipulator</Filter>
    </ClInclude>
    <ClInclude Include="..\..\..\OSG\inc\public\IBackgroundSetting.h">
      <Filter>ExportInterface</Filter>
    </ClInclude>
    <ClInclude Include="..\..\..\OSG\inc\public\IBillboard.h">
      <Filter>ExportInterface</Filter>
    </ClInclude>
    <ClInclude Include="..\..\..\OSG\inc\public\ICameraManipulators.h">
      <Filter>ExportInterface</Filter>
    </ClInclude>
    <ClInclude Include="..\..\..\OSG\inc\public\ICameraSettings.h">
      <Filter>ExportInterface</Filter>
    </ClInclude>
    <ClInclude Include="..\..\..\OSG\inc\public\IFixedFrameRate.h">
      <Filter>ExportInterface</Filter>
    </ClInclude>
    <ClInclude Include="..\..\..\OSG\inc\public\IMovingCamera.h">
      <Filter>ExportInterface</Filter>
    </ClInclude>
    <ClInclude Include="..\..\..\OSG\inc\public\INodeController.h">
      <Filter>ExportInterface</Filter>
    </ClInclude>
    <ClInclude Include="..\..\..\OSG\inc\public\IRenderingThreads.h">
      <Filter>ExportInterface</Filter>
    </ClInclude>
    <ClInclude Include="..\..\..\OSG\inc\public\IScreenCapture.h">
      <Filter>ExportInterface</Filter>
    </ClInclude>
    <ClInclude Include="..\..\..\OSG\inc\public\ISwitchView.h">
      <Filter>ExportInterface</Filter>
    </ClInclude>
    <ClInclude Include="..\..\..\OSG\inc\public\IZoomModel.h">
      <Filter>ExportInterface</Filter>
    </ClInclude>
    <ClInclude Include="..\..\..\OSG\inc\public\CameraOperationTypes.h">
      <Filter>CameraManipulator</Filter>
    </ClInclude>
    <ClInclude Include="..\..\..\OSG\inc\public\config.h">
      <Filter>Config</Filter>
    </ClInclude>
    <ClInclude Include="..\..\..\OSG\inc\public\DataModel.h">
      <Filter>Header Files</Filter>
    </ClInclude>
    <ClInclude Include="..\..\..\OSG\inc\public\ManipulatorType.h">
      <Filter>CameraManipulator</Filter>
    </ClInclude>
    <ClInclude Include="..\..\..\OSG\inc\public\MouseKeySymbol.h">
      <Filter>CameraManipulator</Filter>
    </ClInclude>
  </ItemGroup>
  <ItemGroup>
    <ClCompile Include="..\..\..\OSG\src\YZModelCore\RenderingThread.cpp">
      <Filter>RenderingThread</Filter>
    </ClCompile>
    <ClCompile Include="..\..\..\OSG\src\YZModelCore\BillboardFactory.cpp">
      <Filter>Billboard</Filter>
    </ClCompile>
    <ClCompile Include="..\..\..\OSG\src\YZModelCore\CameraManipulators.cpp">
      <Filter>CameraManipulator</Filter>
    </ClCompile>
    <ClCompile Include="..\..\..\OSG\src\YZModelCore\PersonManipulator.cpp">
      <Filter>CameraManipulator</Filter>
    </ClCompile>
    <ClCompile Include="..\..\..\OSG\src\YZModelCore\BackgroundSetting.cpp">
      <Filter>BackgroundSetting</Filter>
    </ClCompile>
    <ClCompile Include="..\..\..\OSG\src\YZModelCore\YZModelCoreModule.cpp">
      <Filter>YZModelCoreModule</Filter>
    </ClCompile>
    <ClCompile Include="..\..\..\OSG\src\YZModelCore\Billboard.cpp">
      <Filter>Billboard</Filter>
    </ClCompile>
    <ClCompile Include="..\..\..\OSG\src\YZModelCore\BIMCameraManipulator.cpp">
      <Filter>CameraManipulator</Filter>
    </ClCompile>
    <ClCompile Include="..\..\..\OSG\src\YZModelCore\BIMFirstPersonManipulator.cpp">
      <Filter>CameraManipulator</Filter>
    </ClCompile>
    <ClCompile Include="..\..\..\OSG\src\YZModelCore\ViewerDataModel.cpp">
      <Filter>ViewerDataModel</Filter>
    </ClCompile>
    <ClCompile Include="..\..\..\OSG\src\YZModelCore\CameraManipulatorPickBase.cpp">
      <Filter>CameraManipulator</Filter>
    </ClCompile>
    <ClCompile Include="..\..\..\OSG\src\YZModelCore\RenderingThreads.cpp">
      <Filter>RenderingThread</Filter>
    </ClCompile>
    <ClCompile Include="..\..\..\OSG\src\YZModelCore\NodeController.cpp">
      <Filter>NodeControl</Filter>
    </ClCompile>
    <ClCompile Include="..\..\..\OSG\src\YZModelCore\config.cpp">
      <Filter>Config</Filter>
    </ClCompile>
    <ClCompile Include="..\..\..\OSG\src\YZModelCore\Coordinate.cpp">
      <Filter>Coordinate</Filter>
    </ClCompile>
    <ClCompile Include="..\..\..\OSG\src\YZModelCore\ScreenCapture.cpp">
      <Filter>ScreenCapture</Filter>
    </ClCompile>
    <ClCompile Include="..\..\..\OSG\src\YZModelCore\FixedFramerateController.cpp">
      <Filter>FixedFrameRate</Filter>
    </ClCompile>
    <ClCompile Include="..\..\..\OSG\src\YZModelCore\FixedFrameRate.cpp">
      <Filter>FixedFrameRate</Filter>
    </ClCompile>
    <ClCompile Include="..\..\..\OSG\src\YZModelCore\ZoomModel.cpp">
      <Filter>CameraManipulator</Filter>
    </ClCompile>
    <ClCompile Include="..\..\..\OSG\src\YZModelCore\SwitchView.cpp">
      <Filter>CameraManipulator</Filter>
    </ClCompile>
    <ClCompile Include="..\..\..\OSG\src\YZModelCore\CameraAnimation.cpp">
      <Filter>CameraManipulator\CameraAnimation</Filter>
    </ClCompile>
    <ClCompile Include="..\..\..\OSG\src\YZModelCore\CameraAnimator.cpp">
      <Filter>CameraManipulator\CameraAnimation</Filter>
    </ClCompile>
    <ClCompile Include="..\..\..\OSG\src\YZModelCore\DataModel.cpp">
      <Filter>Header Files</Filter>
    </ClCompile>
    <ClCompile Include="..\..\..\OSG\src\YZModelCore\YZModelCoreInternal.cpp">
      <Filter>YZModelCore</Filter>
    </ClCompile>
    <ClCompile Include="..\..\..\OSG\src\YZModelCore\CameraSettings.cpp">
      <Filter>CameraSetting</Filter>
    </ClCompile>
    <ClCompile Include="..\..\..\OSG\src\YZModelCore\ModelCoreFactory.cpp">
      <Filter>YZModelCore</Filter>
    </ClCompile>
    <ClCompile Include="..\..\..\OSG\src\YZModelCore\MaterialSetting.cpp">
      <Filter>MaterialSetting</Filter>
    </ClCompile>
    <ClCompile Include="dllmain.cpp">
      <Filter>Source Files</Filter>
    </ClCompile>
    <ClCompile Include="..\..\..\OSG\src\YZModelCore\MovingCamera.cpp">
      <Filter>CameraManipulator</Filter>
    </ClCompile>
    <ClCompile Include="..\..\..\OSG\src\YZModelCore\SkyBox.cpp">
      <Filter>BackgroundSetting</Filter>
    </ClCompile>
    <ClCompile Include="..\..\..\OSG\src\YZModelCore\CameraOperation.cpp">
      <Filter>CameraManipulator</Filter>
    </ClCompile>
  </ItemGroup>
</Project>